
Microsoft Visual Studio Solution File, Format Version 12.00
Project("{FAE04EC0-301F-11D3-BF4B-00C04F79EFBC}") = "CatalogService", "CatalogService\CatalogService.csproj", "{25A59A5A-F8E1-4A05-A645-51F3607C80F9}"
EndProject
Project("{2150E333-8FDC-42A3-9474-1A3956D46DE8}") = "Solution Items", "Solution Items", "{FF868937-C060-4547-8A82-219867C0AD83}"
	ProjectSection(SolutionItems) = preProject
		compose.yaml = compose.yaml
	EndProjectSection
EndProject
Global
	GlobalSection(SolutionConfigurationPlatforms) = preSolution
		Debug|Any CPU = Debug|Any CPU
		Release|Any CPU = Release|Any CPU
	EndGlobalSection
	GlobalSection(ProjectConfigurationPlatforms) = postSolution
		{25A59A5A-F8E1-4A05-A645-51F3607C80F9}.Debug|Any CPU.ActiveCfg = Debug|Any CPU
		{25A59A5A-F8E1-4A05-A645-51F3607C80F9}.Debug|Any CPU.Build.0 = Debug|Any CPU
		{25A59A5A-F8E1-4A05-A645-51F3607C80F9}.Release|Any CPU.ActiveCfg = Release|Any CPU
		{25A59A5A-F8E1-4A05-A645-51F3607C80F9}.Release|Any CPU.Build.0 = Release|Any CPU
	EndGlobalSection
EndGlobal
